
Microsoft Visual Studio Solution File, Format Version 12.00
# Visual Studio 14
VisualStudioVersion = 14.0.25420.1
MinimumVisualStudioVersion = 10.0.40219.1
Project("{FAE04EC0-301F-11D3-BF4B-00C04F79EFBC}") = "Strawberry1", "Strawberry1\Strawberry1.csproj", "{8EAE46C2-7CF5-4A6C-92D3-155330DE2347}"
EndProject
Project("{FAE04EC0-301F-11D3-BF4B-00C04F79EFBC}") = "Strawberry1.Tests", "Strawberry1.Tests\Strawberry1.Tests.csproj", "{EC9C16F4-35CD-4AB8-AFBD-290303E8FA48}"
EndProject
Global
	GlobalSection(SolutionConfigurationPlatforms) = preSolution
		Debug|Any CPU = Debug|Any CPU
		Release|Any CPU = Release|Any CPU
	EndGlobalSection
	GlobalSection(ProjectConfigurationPlatforms) = postSolution
		{8EAE46C2-7CF5-4A6C-92D3-155330DE2347}.Debug|Any CPU.ActiveCfg = Debug|Any CPU
		{8EAE46C2-7CF5-4A6C-92D3-155330DE2347}.Debug|Any CPU.Build.0 = Debug|Any CPU
		{8EAE46C2-7CF5-4A6C-92D3-155330DE2347}.Release|Any CPU.ActiveCfg = Release|Any CPU
		{8EAE46C2-7CF5-4A6C-92D3-155330DE2347}.Release|Any CPU.Build.0 = Release|Any CPU
		{EC9C16F4-35CD-4AB8-AFBD-290303E8FA48}.Debug|Any CPU.ActiveCfg = Debug|Any CPU
		{EC9C16F4-35CD-4AB8-AFBD-290303E8FA48}.Debug|Any CPU.Build.0 = Debug|Any CPU
		{EC9C16F4-35CD-4AB8-AFBD-290303E8FA48}.Release|Any CPU.ActiveCfg = Release|Any CPU
		{EC9C16F4-35CD-4AB8-AFBD-290303E8FA48}.Release|Any CPU.Build.0 = Release|Any CPU
	EndGlobalSection
	GlobalSection(SolutionProperties) = preSolution
		HideSolutionNode = FALSE
	EndGlobalSection
EndGlobal
